// !$*UTF8*$!
{
	archiveVersion = 1;
	classes = {
	};
	objectVersion = 48;
	objects = {

/* Begin PBXBuildFile section */
		4B4ABAF01F94F9B80054F6BE /* AppDelegate.swift in Sources */ = {isa = PBXBuildFile; fileRef = 4B4ABAEF1F94F9B80054F6BE /* AppDelegate.swift */; };
		4B4ABAF21F94F9B80054F6BE /* ViewController.swift in Sources */ = {isa = PBXBuildFile; fileRef = 4B4ABAF11F94F9B80054F6BE /* ViewController.swift */; };
		4B4ABAF51F94F9B80054F6BE /* Main.storyboard in Resources */ = {isa = PBXBuildFile; fileRef = 4B4ABAF31F94F9B80054F6BE /* Main.storyboard */; };
		4B4ABAF71F94F9B80054F6BE /* Assets.xcassets in Resources */ = {isa = PBXBuildFile; fileRef = 4B4ABAF61F94F9B80054F6BE /* Assets.xcassets */; };
		4B4ABAFA1F94F9B80054F6BE /* LaunchScreen.storyboard in Resources */ = {isa = PBXBuildFile; fileRef = 4B4ABAF81F94F9B80054F6BE /* LaunchScreen.storyboard */; };
		4B4ABB221F94F9FB0054F6BE /* Albert Einstein.jpg in Resources */ = {isa = PBXBuildFile; fileRef = 4B4ABB031F94F9ED0054F6BE /* Albert Einstein.jpg */; };
		4B4ABB231F94F9FB0054F6BE /* Albert Jacquard.jpg in Resources */ = {isa = PBXBuildFile; fileRef = 4B4ABB081F94F9ED0054F6BE /* Albert Jacquard.jpg */; };
		4B4ABB241F94F9FB0054F6BE /* Blaise Pascal.jpg in Resources */ = {isa = PBXBuildFile; fileRef = 4B4ABB0D1F94F9EE0054F6BE /* Blaise Pascal.jpg */; };
		4B4ABB251F94F9FB0054F6BE /* Braun.jpg in Resources */ = {isa = PBXBuildFile; fileRef = 4B4ABB0B1F94F9EE0054F6BE /* Braun.jpg */; };
		4B4ABB261F94F9FB0054F6BE /* Christian Huygens.jpg in Resources */ = {isa = PBXBuildFile; fileRef = 4B4ABB041F94F9ED0054F6BE /* Christian Huygens.jpg */; };
		4B4ABB271F94F9FB0054F6BE /* Daniel Fahrenheit.jpg in Resources */ = {isa = PBXBuildFile; fileRef = 4B4ABB101F94F9EE0054F6BE /* Daniel Fahrenheit.jpg */; };
		4B4ABB281F94F9FB0054F6BE /* Dennis Ritchie.jpg in Resources */ = {isa = PBXBuildFile; fileRef = 4B4ABB021F94F9ED0054F6BE /* Dennis Ritchie.jpg */; };
		4B4ABB291F94F9FB0054F6BE /* Galilée.jpg in Resources */ = {isa = PBXBuildFile; fileRef = 4B4ABB0F1F94F9EE0054F6BE /* Galilée.jpg */; };
		4B4ABB2A1F94F9FB0054F6BE /* Henri Becquerel.jpg in Resources */ = {isa = PBXBuildFile; fileRef = 4B4ABB091F94F9EE0054F6BE /* Henri Becquerel.jpg */; };
		4B4ABB2B1F94F9FB0054F6BE /* Hertz.jpg in Resources */ = {isa = PBXBuildFile; fileRef = 4B4ABB061F94F9ED0054F6BE /* Hertz.jpg */; };
		4B4ABB2C1F94F9FB0054F6BE /* Jean Perrin.jpg in Resources */ = {isa = PBXBuildFile; fileRef = 4B4ABB0E1F94F9EE0054F6BE /* Jean Perrin.jpg */; };
		4B4ABB2D1F94F9FB0054F6BE /* Karl Guthe Jansky.jpg in Resources */ = {isa = PBXBuildFile; fileRef = 4B4ABB0A1F94F9EE0054F6BE /* Karl Guthe Jansky.jpg */; };
		4B4ABB2E1F94F9FB0054F6BE /* Marie Curie.jpg in Resources */ = {isa = PBXBuildFile; fileRef = 4B4ABB111F94F9EE0054F6BE /* Marie Curie.jpg */; };
		4B4ABB2F1F94F9FB0054F6BE /* maxwell.jpg in Resources */ = {isa = PBXBuildFile; fileRef = 4B4ABB071F94F9ED0054F6BE /* maxwell.jpg */; };
		4B4ABB301F94F9FB0054F6BE /* Steve Jobs.jpg in Resources */ = {isa = PBXBuildFile; fileRef = 4B4ABB0C1F94F9EE0054F6BE /* Steve Jobs.jpg */; };
		4B4ABB311F94F9FB0054F6BE /* Wilhelm Conrad Rontgen.jpg in Resources */ = {isa = PBXBuildFile; fileRef = 4B4ABB051F94F9ED0054F6BE /* Wilhelm Conrad Rontgen.jpg */; };
		4B4ABB341F95070D0054F6BE /* Savant.swift in Sources */ = {isa = PBXBuildFile; fileRef = 4B4ABB331F95070D0054F6BE /* Savant.swift */; };
/* End PBXBuildFile section */

/* Begin PBXFileReference section */
		4B4ABAEC1F94F9B80054F6BE /* Les-amis-de-la-science.app */ = {isa = PBXFileReference; explicitFileType = wrapper.application; includeInIndex = 0; path = "Les-amis-de-la-science.app"; sourceTree = BUILT_PRODUCTS_DIR; };
		4B4ABAEF1F94F9B80054F6BE /* AppDelegate.swift */ = {isa = PBXFileReference; lastKnownFileType = sourcecode.swift; path = AppDelegate.swift; sourceTree = "<group>"; };
		4B4ABAF11F94F9B80054F6BE /* ViewController.swift */ = {isa = PBXFileReference; lastKnownFileType = sourcecode.swift; path = ViewController.swift; sourceTree = "<group>"; };
		4B4ABAF41F94F9B80054F6BE /* Base */ = {isa = PBXFileReference; lastKnownFileType = file.storyboard; name = Base; path = Base.lproj/Main.storyboard; sourceTree = "<group>"; };
		4B4ABAF61F94F9B80054F6BE /* Assets.xcassets */ = {isa = PBXFileReference; lastKnownFileType = folder.assetcatalog; path = Assets.xcassets; sourceTree = "<group>"; };
		4B4ABAF91F94F9B80054F6BE /* Base */ = {isa = PBXFileReference; lastKnownFileType = file.storyboard; name = Base; path = Base.lproj/LaunchScreen.storyboard; sourceTree = "<group>"; };
		4B4ABAFB1F94F9B80054F6BE /* Info.plist */ = {isa = PBXFileReference; lastKnownFileType = text.plist.xml; path = Info.plist; sourceTree = "<group>"; };
		4B4ABB021F94F9ED0054F6BE /* Dennis Ritchie.jpg */ = {isa = PBXFileReference; lastKnownFileType = image.jpeg; path = "Dennis Ritchie.jpg"; sourceTree = "<group>"; };
		4B4ABB031F94F9ED0054F6BE /* Albert Einstein.jpg */ = {isa = PBXFileReference; lastKnownFileType = image.jpeg; path = "Albert Einstein.jpg"; sourceTree = "<group>"; };
		4B4ABB041F94F9ED0054F6BE /* Christian Huygens.jpg */ = {isa = PBXFileReference; lastKnownFileType = image.jpeg; path = "Christian Huygens.jpg"; sourceTree = "<group>"; };
		4B4ABB051F94F9ED0054F6BE /* Wilhelm Conrad Rontgen.jpg */ = {isa = PBXFileReference; lastKnownFileType = image.jpeg; path = "Wilhelm Conrad Rontgen.jpg"; sourceTree = "<group>"; };
		4B4ABB061F94F9ED0054F6BE /* Hertz.jpg */ = {isa = PBXFileReference; lastKnownFileType = image.jpeg; path = Hertz.jpg; sourceTree = "<group>"; };
		4B4ABB071F94F9ED0054F6BE /* maxwell.jpg */ = {isa = PBXFileReference; lastKnownFileType = image.jpeg; path = maxwell.jpg; sourceTree = "<group>"; };
		4B4ABB081F94F9ED0054F6BE /* Albert Jacquard.jpg */ = {isa = PBXFileReference; lastKnownFileType = image.jpeg; path = "Albert Jacquard.jpg"; sourceTree = "<group>"; };
		4B4ABB091F94F9EE0054F6BE /* Henri Becquerel.jpg */ = {isa = PBXFileReference; lastKnownFileType = image.jpeg; path = "Henri Becquerel.jpg"; sourceTree = "<group>"; };
		4B4ABB0A1F94F9EE0054F6BE /* Karl Guthe Jansky.jpg */ = {isa = PBXFileReference; lastKnownFileType = image.jpeg; path = "Karl Guthe Jansky.jpg"; sourceTree = "<group>"; };
		4B4ABB0B1F94F9EE0054F6BE /* Braun.jpg */ = {isa = PBXFileReference; lastKnownFileType = image.jpeg; path = Braun.jpg; sourceTree = "<group>"; };
		4B4ABB0C1F94F9EE0054F6BE /* Steve Jobs.jpg */ = {isa = PBXFileReference; lastKnownFileType = image.jpeg; path = "Steve Jobs.jpg"; sourceTree = "<group>"; };
		4B4ABB0D1F94F9EE0054F6BE /* Blaise Pascal.jpg */ = {isa = PBXFileReference; lastKnownFileType = image.jpeg; path = "Blaise Pascal.jpg"; sourceTree = "<group>"; };
		4B4ABB0E1F94F9EE0054F6BE /* Jean Perrin.jpg */ = {isa = PBXFileReference; lastKnownFileType = image.jpeg; path = "Jean Perrin.jpg"; sourceTree = "<group>"; };
		4B4ABB0F1F94F9EE0054F6BE /* Galilée.jpg */ = {isa = PBXFileReference; lastKnownFileType = image.jpeg; path = "Galilée.jpg"; sourceTree = "<group>"; };
		4B4ABB101F94F9EE0054F6BE /* Daniel Fahrenheit.jpg */ = {isa = PBXFileReference; lastKnownFileType = image.jpeg; path = "Daniel Fahrenheit.jpg"; sourceTree = "<group>"; };
		4B4ABB111F94F9EE0054F6BE /* Marie Curie.jpg */ = {isa = PBXFileReference; lastKnownFileType = image.jpeg; path = "Marie Curie.jpg"; sourceTree = "<group>"; };
		4B4ABB331F95070D0054F6BE /* Savant.swift */ = {isa = PBXFileReference; lastKnownFileType = sourcecode.swift; path = Savant.swift; sourceTree = "<group>"; };
/* End PBXFileReference section */

/* Begin PBXFrameworksBuildPhase section */
		4B4ABAE91F94F9B80054F6BE /* Frameworks */ = {
			isa = PBXFrameworksBuildPhase;
			buildActionMask = 2147483647;
			files = (
			);
			runOnlyForDeploymentPostprocessing = 0;
		};
/* End PBXFrameworksBuildPhase section */

/* Begin PBXGroup section */
		4B4ABAE31F94F9B80054F6BE = {
			isa = PBXGroup;
			children = (
				4B4ABAEE1F94F9B80054F6BE /* Les-amis-de-la-science */,
				4B4ABAED1F94F9B80054F6BE /* Products */,
			);
			sourceTree = "<group>";
		};
		4B4ABAED1F94F9B80054F6BE /* Products */ = {
			isa = PBXGroup;
			children = (
				4B4ABAEC1F94F9B80054F6BE /* Les-amis-de-la-science.app */,
			);
			name = Products;
			sourceTree = "<group>";
		};
		4B4ABAEE1F94F9B80054F6BE /* Les-amis-de-la-science */ = {
			isa = PBXGroup;
			children = (
				4B4ABB321F9506C70054F6BE /* Classes */,
				4B4ABB011F94F9C60054F6BE /* Ressources */,
				4B4ABAEF1F94F9B80054F6BE /* AppDelegate.swift */,
				4B4ABAF11F94F9B80054F6BE /* ViewController.swift */,
				4B4ABAF31F94F9B80054F6BE /* Main.storyboard */,
				4B4ABAF61F94F9B80054F6BE /* Assets.xcassets */,
				4B4ABAF81F94F9B80054F6BE /* LaunchScreen.storyboard */,
				4B4ABAFB1F94F9B80054F6BE /* Info.plist */,
			);
			path = "Les-amis-de-la-science";
			sourceTree = "<group>";
		};
		4B4ABB011F94F9C60054F6BE /* Ressources */ = {
			isa = PBXGroup;
			children = (
				4B4ABB031F94F9ED0054F6BE /* Albert Einstein.jpg */,
				4B4ABB081F94F9ED0054F6BE /* Albert Jacquard.jpg */,
				4B4ABB0D1F94F9EE0054F6BE /* Blaise Pascal.jpg */,
				4B4ABB0B1F94F9EE0054F6BE /* Braun.jpg */,
				4B4ABB041F94F9ED0054F6BE /* Christian Huygens.jpg */,
				4B4ABB101F94F9EE0054F6BE /* Daniel Fahrenheit.jpg */,
				4B4ABB021F94F9ED0054F6BE /* Dennis Ritchie.jpg */,
				4B4ABB0F1F94F9EE0054F6BE /* Galilée.jpg */,
				4B4ABB091F94F9EE0054F6BE /* Henri Becquerel.jpg */,
				4B4ABB061F94F9ED0054F6BE /* Hertz.jpg */,
				4B4ABB0E1F94F9EE0054F6BE /* Jean Perrin.jpg */,
				4B4ABB0A1F94F9EE0054F6BE /* Karl Guthe Jansky.jpg */,
				4B4ABB111F94F9EE0054F6BE /* Marie Curie.jpg */,
				4B4ABB071F94F9ED0054F6BE /* maxwell.jpg */,
				4B4ABB0C1F94F9EE0054F6BE /* Steve Jobs.jpg */,
				4B4ABB051F94F9ED0054F6BE /* Wilhelm Conrad Rontgen.jpg */,
			);
			name = Ressources;
			sourceTree = "<group>";
		};
		4B4ABB321F9506C70054F6BE /* Classes */ = {
			isa = PBXGroup;
			children = (
				4B4ABB331F95070D0054F6BE /* Savant.swift */,
			);
			path = Classes;
			sourceTree = "<group>";
		};
/* End PBXGroup section */

/* Begin PBXNativeTarget section */
		4B4ABAEB1F94F9B80054F6BE /* Les-amis-de-la-science */ = {
			isa = PBXNativeTarget;
			buildConfigurationList = 4B4ABAFE1F94F9B80054F6BE /* Build configuration list for PBXNativeTarget "Les-amis-de-la-science" */;
			buildPhases = (
				4B4ABAE81F94F9B80054F6BE /* Sources */,
				4B4ABAE91F94F9B80054F6BE /* Frameworks */,
				4B4ABAEA1F94F9B80054F6BE /* Resources */,
			);
			buildRules = (
			);
			dependencies = (
			);
			name = "Les-amis-de-la-science";
			productName = "Les-amis-de-la-science";
			productReference = 4B4ABAEC1F94F9B80054F6BE /* Les-amis-de-la-science.app */;
			productType = "com.apple.product-type.application";
		};
/* End PBXNativeTarget section */

/* Begin PBXProject section */
		4B4ABAE41F94F9B80054F6BE /* Project object */ = {
			isa = PBXProject;
			attributes = {
				LastSwiftUpdateCheck = 0900;
				LastUpgradeCheck = 0900;
				ORGANIZATIONNAME = git;
				TargetAttributes = {
					4B4ABAEB1F94F9B80054F6BE = {
						CreatedOnToolsVersion = 9.0;
						ProvisioningStyle = Automatic;
					};
				};
			};
			buildConfigurationList = 4B4ABAE71F94F9B80054F6BE /* Build configuration list for PBXProject "Les-amis-de-la-science" */;
			compatibilityVersion = "Xcode 8.0";
			developmentRegion = en;
			hasScannedForEncodings = 0;
			knownRegions = (
				en,
				Base,
			);
			mainGroup = 4B4ABAE31F94F9B80054F6BE;
			productRefGroup = 4B4ABAED1F94F9B80054F6BE /* Products */;
			projectDirPath = "";
			projectRoot = "";
			targets = (
				4B4ABAEB1F94F9B80054F6BE /* Les-amis-de-la-science */,
			);
		};
/* End PBXProject section */

/* Begin PBXResourcesBuildPhase section */
		4B4ABAEA1F94F9B80054F6BE /* Resources */ = {
			isa = PBXResourcesBuildPhase;
			buildActionMask = 2147483647;
			files = (
				4B4ABB2A1F94F9FB0054F6BE /* Henri Becquerel.jpg in Resources */,
				4B4ABAFA1F94F9B80054F6BE /* LaunchScreen.storyboard in Resources */,
				4B4ABB291F94F9FB0054F6BE /* Galilée.jpg in Resources */,
				4B4ABB231F94F9FB0054F6BE /* Albert Jacquard.jpg in Resources */,
				4B4ABB2E1F94F9FB0054F6BE /* Marie Curie.jpg in Resources */,
				4B4ABB311F94F9FB0054F6BE /* Wilhelm Conrad Rontgen.jpg in Resources */,
				4B4ABB251F94F9FB0054F6BE /* Braun.jpg in Resources */,
				4B4ABAF71F94F9B80054F6BE /* Assets.xcassets in Resources */,
				4B4ABB281F94F9FB0054F6BE /* Dennis Ritchie.jpg in Resources */,
				4B4ABB261F94F9FB0054F6BE /* Christian Huygens.jpg in Resources */,
				4B4ABB2C1F94F9FB0054F6BE /* Jean Perrin.jpg in Resources */,
				4B4ABB2B1F94F9FB0054F6BE /* Hertz.jpg in Resources */,
				4B4ABAF51F94F9B80054F6BE /* Main.storyboard in Resources */,
				4B4ABB271F94F9FB0054F6BE /* Daniel Fahrenheit.jpg in Resources */,
				4B4ABB241F94F9FB0054F6BE /* Blaise Pascal.jpg in Resources */,
				4B4ABB221F94F9FB0054F6BE /* Albert Einstein.jpg in Resources */,
				4B4ABB2D1F94F9FB0054F6BE /* Karl Guthe Jansky.jpg in Resources */,
				4B4ABB301F94F9FB0054F6BE /* Steve Jobs.jpg in Resources */,
				4B4ABB2F1F94F9FB0054F6BE /* maxwell.jpg in Resources */,
			);
			runOnlyForDeploymentPostprocessing = 0;
		};
/* End PBXResourcesBuildPhase section */

/* Begin PBXSourcesBuildPhase section */
		4B4ABAE81F94F9B80054F6BE /* Sources */ = {
			isa = PBXSourcesBuildPhase;
			buildActionMask = 2147483647;
			files = (
				4B4ABAF21F94F9B80054F6BE /* ViewController.swift in Sources */,
				4B4ABAF01F94F9B80054F6BE /* AppDelegate.swift in Sources */,
				4B4ABB341F95070D0054F6BE /* Savant.swift in Sources */,
			);
			runOnlyForDeploymentPostprocessing = 0;
		};
/* End PBXSourcesBuildPhase section */

/* Begin PBXVariantGroup section */
		4B4ABAF31F94F9B80054F6BE /* Main.storyboard */ = {
			isa = PBXVariantGroup;
			children = (
				4B4ABAF41F94F9B80054F6BE /* Base */,
			);
			name = Main.storyboard;
			sourceTree = "<group>";
		};
		4B4ABAF81F94F9B80054F6BE /* LaunchScreen.storyboard */ = {
			isa = PBXVariantGroup;
			children = (
				4B4ABAF91F94F9B80054F6BE /* Base */,
			);
			name = LaunchScreen.storyboard;
			sourceTree = "<group>";
		};
/* End PBXVariantGroup section */

/* Begin XCBuildConfiguration section */
		4B4ABAFC1F94F9B80054F6BE /* Debug */ = {
			isa = XCBuildConfiguration;
			buildSettings = {
				ALWAYS_SEARCH_USER_PATHS = NO;
				CLANG_ANALYZER_NONNULL = YES;
				CLANG_ANALYZER_NUMBER_OBJECT_CONVERSION = YES_AGGRESSIVE;
				CLANG_CXX_LANGUAGE_STANDARD = "gnu++14";
				CLANG_CXX_LIBRARY = "libc++";
				CLANG_ENABLE_MODULES = YES;
				CLANG_ENABLE_OBJC_ARC = YES;
				CLANG_WARN_BLOCK_CAPTURE_AUTORELEASING = YES;
				CLANG_WARN_BOOL_CONVERSION = YES;
				CLANG_WARN_COMMA = YES;
				CLANG_WARN_CONSTANT_CONVERSION = YES;
				CLANG_WARN_DIRECT_OBJC_ISA_USAGE = YES_ERROR;
				CLANG_WARN_DOCUMENTATION_COMMENTS = YES;
				CLANG_WARN_EMPTY_BODY = YES;
				CLANG_WARN_ENUM_CONVERSION = YES;
				CLANG_WARN_INFINITE_RECURSION = YES;
				CLANG_WARN_INT_CONVERSION = YES;
				CLANG_WARN_NON_LITERAL_NULL_CONVERSION = YES;
				CLANG_WARN_OBJC_LITERAL_CONVERSION = YES;
				CLANG_WARN_OBJC_ROOT_CLASS = YES_ERROR;
				CLANG_WARN_RANGE_LOOP_ANALYSIS = YES;
				CLANG_WARN_STRICT_PROTOTYPES = YES;
				CLANG_WARN_SUSPICIOUS_MOVE = YES;
				CLANG_WARN_UNGUARDED_AVAILABILITY = YES_AGGRESSIVE;
				CLANG_WARN_UNREACHABLE_CODE = YES;
				CLANG_WARN__DUPLICATE_METHOD_MATCH = YES;
				CODE_SIGN_IDENTITY = "iPhone Developer";
				COPY_PHASE_STRIP = NO;
				DEBUG_INFORMATION_FORMAT = dwarf;
				ENABLE_STRICT_OBJC_MSGSEND = YES;
				ENABLE_TESTABILITY = YES;
				GCC_C_LANGUAGE_STANDARD = gnu11;
				GCC_DYNAMIC_NO_PIC = NO;
				GCC_NO_COMMON_BLOCKS = YES;
				GCC_OPTIMIZATION_LEVEL = 0;
				GCC_PREPROCESSOR_DEFINITIONS = (
					"DEBUG=1",
					"$(inherited)",
				);
				GCC_WARN_64_TO_32_BIT_CONVERSION = YES;
				GCC_WARN_ABOUT_RETURN_TYPE = YES_ERROR;
				GCC_WARN_UNDECLARED_SELECTOR = YES;
				GCC_WARN_UNINITIALIZED_AUTOS = YES_AGGRESSIVE;
				GCC_WARN_UNUSED_FUNCTION = YES;
				GCC_WARN_UNUSED_VARIABLE = YES;
				IPHONEOS_DEPLOYMENT_TARGET = 11.0;
				MTL_ENABLE_DEBUG_INFO = YES;
				ONLY_ACTIVE_ARCH = YES;
				SDKROOT = iphoneos;
				SWIFT_ACTIVE_COMPILATION_CONDITIONS = DEBUG;
				SWIFT_OPTIMIZATION_LEVEL = "-Onone";
			};
			name = Debug;
		};
		4B4ABAFD1F94F9B80054F6BE /* Release */ = {
			isa = XCBuildConfiguration;
			buildSettings = {
				ALWAYS_SEARCH_USER_PATHS = NO;
				CLANG_ANALYZER_NONNULL = YES;
				CLANG_ANALYZER_NUMBER_OBJECT_CONVERSION = YES_AGGRESSIVE;
				CLANG_CXX_LANGUAGE_STANDARD = "gnu++14";
				CLANG_CXX_LIBRARY = "libc++";
				CLANG_ENABLE_MODULES = YES;
				CLANG_ENABLE_OBJC_ARC = YES;
				CLANG_WARN_BLOCK_CAPTURE_AUTORELEASING = YES;
				CLANG_WARN_BOOL_CONVERSION = YES;
				CLANG_WARN_COMMA = YES;
				CLANG_WARN_CONSTANT_CONVERSION = YES;
				CLANG_WARN_DIRECT_OBJC_ISA_USAGE = YES_ERROR;
				CLANG_WARN_DOCUMENTATION_COMMENTS = YES;
				CLANG_WARN_EMPTY_BODY = YES;
				CLANG_WARN_ENUM_CONVERSION = YES;
				CLANG_WARN_INFINITE_RECURSION = YES;
				CLANG_WARN_INT_CONVERSION = YES;
				CLANG_WARN_NON_LITERAL_NULL_CONVERSION = YES;
				CLANG_WARN_OBJC_LITERAL_CONVERSION = YES;
				CLANG_WARN_OBJC_ROOT_CLASS = YES_ERROR;
				CLANG_WARN_RANGE_LOOP_ANALYSIS = YES;
				CLANG_WARN_STRICT_PROTOTYPES = YES;
				CLANG_WARN_SUSPICIOUS_MOVE = YES;
				CLANG_WARN_UNGUARDED_AVAILABILITY = YES_AGGRESSIVE;
				CLANG_WARN_UNREACHABLE_CODE = YES;
				CLANG_WARN__DUPLICATE_METHOD_MATCH = YES;
				CODE_SIGN_IDENTITY = "iPhone Developer";
				COPY_PHASE_STRIP = NO;
				DEBUG_INFORMATION_FORMAT = "dwarf-with-dsym";
				ENABLE_NS_ASSERTIONS = NO;
				ENABLE_STRICT_OBJC_MSGSEND = YES;
				GCC_C_LANGUAGE_STANDARD = gnu11;
				GCC_NO_COMMON_BLOCKS = YES;
				GCC_WARN_64_TO_32_BIT_CONVERSION = YES;
				GCC_WARN_ABOUT_RETURN_TYPE = YES_ERROR;
				GCC_WARN_UNDECLARED_SELECTOR = YES;
				GCC_WARN_UNINITIALIZED_AUTOS = YES_AGGRESSIVE;
				GCC_WARN_UNUSED_FUNCTION = YES;
				GCC_WARN_UNUSED_VARIABLE = YES;
				IPHONEOS_DEPLOYMENT_TARGET = 11.0;
				MTL_ENABLE_DEBUG_INFO = NO;
				SDKROOT = iphoneos;
				SWIFT_OPTIMIZATION_LEVEL = "-Owholemodule";
				VALIDATE_PRODUCT = YES;
			};
			name = Release;
		};
		4B4ABAFF1F94F9B80054F6BE /* Debug */ = {
			isa = XCBuildConfiguration;
			buildSettings = {
				ASSETCATALOG_COMPILER_APPICON_NAME = AppIcon;
				CODE_SIGN_STYLE = Automatic;
				INFOPLIST_FILE = "Les-amis-de-la-science/Info.plist";
				LD_RUNPATH_SEARCH_PATHS = "$(inherited) @executable_path/Frameworks";
				PRODUCT_BUNDLE_IDENTIFIER = "ca.qc.cstj.Les-amis-de-la-science";
				PRODUCT_NAME = "$(TARGET_NAME)";
				SWIFT_VERSION = 4.0;
				TARGETED_DEVICE_FAMILY = "1,2";
			};
			name = Debug;
		};
		4B4ABB001F94F9B80054F6BE /* Release */ = {
			isa = XCBuildConfiguration;
			buildSettings = {
				ASSETCATALOG_COMPILER_APPICON_NAME = AppIcon;
				CODE_SIGN_STYLE = Automatic;
				INFOPLIST_FILE = "Les-amis-de-la-science/Info.plist";
				LD_RUNPATH_SEARCH_PATHS = "$(inherited) @executable_path/Frameworks";
				PRODUCT_BUNDLE_IDENTIFIER = "ca.qc.cstj.Les-amis-de-la-science";
				PRODUCT_NAME = "$(TARGET_NAME)";
				SWIFT_VERSION = 4.0;
				TARGETED_DEVICE_FAMILY = "1,2";
			};
			name = Release;
		};
/* End XCBuildConfiguration section */

/* Begin XCConfigurationList section */
		4B4ABAE71F94F9B80054F6BE /* Build configuration list for PBXProject "Les-amis-de-la-science" */ = {
			isa = XCConfigurationList;
			buildConfigurations = (
				4B4ABAFC1F94F9B80054F6BE /* Debug */,
				4B4ABAFD1F94F9B80054F6BE /* Release */,
			);
			defaultConfigurationIsVisible = 0;
			defaultConfigurationName = Release;
		};
		4B4ABAFE1F94F9B80054F6BE /* Build configuration list for PBXNativeTarget "Les-amis-de-la-science" */ = {
			isa = XCConfigurationList;
			buildConfigurations = (
				4B4ABAFF1F94F9B80054F6BE /* Debug */,
				4B4ABB001F94F9B80054F6BE /* Release */,
			);
			defaultConfigurationIsVisible = 0;
			defaultConfigurationName = Release;
		};
/* End XCConfigurationList section */
	};
	rootObject = 4B4ABAE41F94F9B80054F6BE /* Project object */;
}
